
Microsoft Visual Studio Solution File, Format Version 12.00
# Visual Studio Version 17
VisualStudioVersion = 17.3.32929.385
MinimumVisualStudioVersion = 10.0.40219.1
Project("{FAE04EC0-301F-11D3-BF4B-00C04F79EFBC}") = "DragonballZ", "DragonballZ.csproj", "{5B0A2BEA-F5D0-4861-934C-5CD23CB7FD4A}"
EndProject
Global
	GlobalSection(SolutionConfigurationPlatforms) = preSolution
		Debug|Any CPU = Debug|Any CPU
		Release|Any CPU = Release|Any CPU
	EndGlobalSection
	GlobalSection(ProjectConfigurationPlatforms) = postSolution
		{5B0A2BEA-F5D0-4861-934C-5CD23CB7FD4A}.Debug|Any CPU.ActiveCfg = Debug|Any CPU
		{5B0A2BEA-F5D0-4861-934C-5CD23CB7FD4A}.Debug|Any CPU.Build.0 = Debug|Any CPU
		{5B0A2BEA-F5D0-4861-934C-5CD23CB7FD4A}.Release|Any CPU.ActiveCfg = Release|Any CPU
		{5B0A2BEA-F5D0-4861-934C-5CD23CB7FD4A}.Release|Any CPU.Build.0 = Release|Any CPU
	EndGlobalSection
	GlobalSection(SolutionProperties) = preSolution
		HideSolutionNode = FALSE
	EndGlobalSection
	GlobalSection(ExtensibilityGlobals) = postSolution
		SolutionGuid = {67E968E0-0335-4FE6-8B95-DC0C998C42A5}
	EndGlobalSection
EndGlobal
